schema: '2.0'
stages:
  fetch_data:
    cmd: python nlp-model/training/fetch_data.py --input nlp-model/data/dataset.csv
      --output nlp-model/data/processed_data.csv
    deps:
    - path: nlp-model/data/dataset.csv
      hash: md5
      md5: 7ab938a4570f0969660ed42e75330068
      size: 37089
    outs:
    - path: nlp-model/data/processed_data.csv
      hash: md5
      md5: 4a3763adee40a69b36eb13c11da4dc9b
      size: 36130
  train:
    cmd: python nlp-model/training/train.py
    deps:
    - path: nlp-model/data/processed_data.csv
      hash: md5
      md5: 4a3763adee40a69b36eb13c11da4dc9b
      size: 36130
    - path: nlp-model/data/vocab.json
      hash: md5
      md5: 2654e4f2fa9d94aba9ea6ee4846c4217
      size: 304
    - path: nlp-model/training/model.py
      hash: md5
      md5: 9ce85ff90ba00af6b8f8afe740443b81
      size: 579
    outs:
    - path: nlp-model/model.onnx
      hash: md5
      md5: 2b18801eb14d52a86edb6fff20978518
      size: 1879
  evaluate:
    cmd: python nlp-model/training/test.py
    deps:
    - path: nlp-model/model.onnx
      hash: md5
      md5: 2b18801eb14d52a86edb6fff20978518
      size: 1879
