schema: '2.0'
stages:
  fetch_data:
    cmd: python nlp-model/training/fetch_data.py --input nlp-model/data/dataset.csv
      --output nlp-model/data/processed_data.csv
    deps:
    - path: nlp-model/data/dataset.csv
      hash: md5
      md5: 7edb43b041fe9ec8d3ac3ac50e96520c
      size: 6676
    outs:
    - path: nlp-model/data/processed_data.csv
      hash: md5
      md5: f8090109a608c3d01b7db4036168a35a
      size: 6506
  train:
    cmd: python nlp-model/training/train.py
    deps:
    - path: nlp-model/data/processed_data.csv
      hash: md5
      md5: f8090109a608c3d01b7db4036168a35a
      size: 6506
    - path: nlp-model/data/vocab.json
      hash: md5
      md5: 2654e4f2fa9d94aba9ea6ee4846c4217
      size: 304
    - path: nlp-model/training/model.py
      hash: md5
      md5: 9ce85ff90ba00af6b8f8afe740443b81
      size: 579
    outs:
    - path: nlp-model/model.onnx
      hash: md5
      md5: 705f255910e1b7b743c5a77c77eaba19
      size: 1879
  evaluate:
    cmd: python nlp-model/training/test.py
    deps:
    - path: nlp-model/model.onnx
      hash: md5
      md5: 705f255910e1b7b743c5a77c77eaba19
      size: 1879
